
Microsoft Visual Studio Solution File, Format Version 12.00
# Visual Studio Version 17
VisualStudioVersion = 17.13.35919.96 d17.13
MinimumVisualStudioVersion = 10.0.40219.1
Project("{FAE04EC0-301F-11D3-BF4B-00C04F79EFBC}") = "ProtelWebReports", "ProtelWebReports\ProtelWebReports.csproj", "{1D434494-F20F-4890-A2D6-411806C8BA0A}"
EndProject
Global
	GlobalSection(SolutionConfigurationPlatforms) = preSolution
		Debug|Any CPU = Debug|Any CPU
		Release|Any CPU = Release|Any CPU
	EndGlobalSection
	GlobalSection(ProjectConfigurationPlatforms) = postSolution
		{1D434494-F20F-4890-A2D6-411806C8BA0A}.Debug|Any CPU.ActiveCfg = Debug|Any CPU
		{1D434494-F20F-4890-A2D6-411806C8BA0A}.Debug|Any CPU.Build.0 = Debug|Any CPU
		{1D434494-F20F-4890-A2D6-411806C8BA0A}.Release|Any CPU.ActiveCfg = Release|Any CPU
		{1D434494-F20F-4890-A2D6-411806C8BA0A}.Release|Any CPU.Build.0 = Release|Any CPU
	EndGlobalSection
	GlobalSection(SolutionProperties) = preSolution
		HideSolutionNode = FALSE
	EndGlobalSection
	GlobalSection(ExtensibilityGlobals) = postSolution
		SolutionGuid = {368F7F17-6461-4D85-9CFF-E0FE436468A5}
	EndGlobalSection
EndGlobal
